
Microsoft Visual Studio Solution File, Format Version 12.00
# Visual Studio Version 17
VisualStudioVersion = 17.2.32602.215
MinimumVisualStudioVersion = 10.0.40219.1
Project("{FAE04EC0-301F-11D3-BF4B-00C04F79EFBC}") = "RomanApp", "RomanApp.csproj", "{A5CBB718-13FA-4349-B9A2-03996741BCAB}"
EndProject
Global
	GlobalSection(SolutionConfigurationPlatforms) = preSolution
		Debug|Any CPU = Debug|Any CPU
		Release|Any CPU = Release|Any CPU
	EndGlobalSection
	GlobalSection(ProjectConfigurationPlatforms) = postSolution
		{A5CBB718-13FA-4349-B9A2-03996741BCAB}.Debug|Any CPU.ActiveCfg = Debug|Any CPU
		{A5CBB718-13FA-4349-B9A2-03996741BCAB}.Debug|Any CPU.Build.0 = Debug|Any CPU
		{A5CBB718-13FA-4349-B9A2-03996741BCAB}.Debug|Any CPU.Deploy.0 = Debug|Any CPU
		{A5CBB718-13FA-4349-B9A2-03996741BCAB}.Release|Any CPU.ActiveCfg = Release|Any CPU
		{A5CBB718-13FA-4349-B9A2-03996741BCAB}.Release|Any CPU.Build.0 = Release|Any CPU
		{A5CBB718-13FA-4349-B9A2-03996741BCAB}.Release|Any CPU.Deploy.0 = Release|Any CPU
	EndGlobalSection
	GlobalSection(SolutionProperties) = preSolution
		HideSolutionNode = FALSE
	EndGlobalSection
	GlobalSection(ExtensibilityGlobals) = postSolution
		SolutionGuid = {A9AC81A1-0C14-44DE-83AB-2D0FC2286F45}
	EndGlobalSection
EndGlobal
